# This file was autogenerated by Stack.
# You should not edit this file by hand.
# For more information, please see the documentation at:
#   https://docs.haskellstack.org/en/stable/lock_files

packages:
- completed:
    hackage: waargonaut-0.6.2.0@sha256:de0aea0d606a6c68a74be64bb799aa1e8db8ffff3ea7f2d55e228d4cfb96e7fe,11250
    pantry-tree:
      size: 5582
      sha256: ad2cdfe4394d461e7f86391a7df5f17311289c116e22eb5696d8dcef4ff635ae
  original:
    hackage: waargonaut-0.6.2.0@sha256:de0aea0d606a6c68a74be64bb799aa1e8db8ffff3ea7f2d55e228d4cfb96e7fe,11250
- completed:
    hackage: digit-0.7@sha256:d7e8252022d89cc962da29fdb54bdda54d997c2073b6977e6490b8bcd877650c,3919
    pantry-tree:
      size: 1943
      sha256: 85f1ff5b950d60093fdcbc353affac3c50670e81c50efebe15d310c78f2324d6
  original:
    hackage: digit-0.7@sha256:d7e8252022d89cc962da29fdb54bdda54d997c2073b6977e6490b8bcd877650c,3919
- completed:
    hackage: hoist-error-0.2.1.0@sha256:f238a27a593ec0c9b4f5263adf917b7c3b76daffed2398d7520e43e6515169f2,1221
    pantry-tree:
      size: 281
      sha256: a8fd6aafc02e04b20e9697c27a62472815e3658237cc490deb71b32373305327
  original:
    hackage: hoist-error-0.2.1.0@sha256:f238a27a593ec0c9b4f5263adf917b7c3b76daffed2398d7520e43e6515169f2,1221
- completed:
    hackage: natural-0.3.0.4@sha256:569e38fae5f57aa4f09ab7b3e29982988efe1585af58736688bc4d9bab2dc1ca,2116
    pantry-tree:
      size: 311
      sha256: d9f59b81a01f5107b4291db86ca8a91318b24f124c80f50c78edccc444a5b47f
  original:
    hackage: natural-0.3.0.4@sha256:569e38fae5f57aa4f09ab7b3e29982988efe1585af58736688bc4d9bab2dc1ca,2116
- completed:
    hackage: zippers-0.2.5@sha256:777ced8dcee5e76655b02bc29edc8a79fb247d2b29e2ba250bc1482505a31378,1973
    pantry-tree:
      size: 927
      sha256: 5dad297bdc4bcf3478381189f16e0321382b4069a2e388ed30407d18c556f09a
  original:
    hackage: zippers-0.2.5@sha256:777ced8dcee5e76655b02bc29edc8a79fb247d2b29e2ba250bc1482505a31378,1973
snapshots:
- completed:
    size: 524799
    url: https://raw.githubusercontent.com/commercialhaskell/stackage-snapshots/master/lts/14/17.yaml
    sha256: 1d72b33c0fc048e23f4f18fd76a6ad79dd1d8a3c054644098a71a09855e40c7c
  original: lts-14.17
